
Microsoft Visual Studio Solution File, Format Version 12.00
# Visual Studio Version 17
VisualStudioVersion = 17.5.002.0
MinimumVisualStudioVersion = 10.0.40219.1
Project("{9A19103F-16F7-4668-BE54-9A1E7A4F7556}") = "GloboClimaAPI", "GloboClimaAPI.csproj", "{9CC31453-D29D-43FF-94F0-9C3B48599E51}"
EndProject
Global
	GlobalSection(SolutionConfigurationPlatforms) = preSolution
		Debug|Any CPU = Debug|Any CPU
		Release|Any CPU = Release|Any CPU
	EndGlobalSection
	GlobalSection(ProjectConfigurationPlatforms) = postSolution
		{9CC31453-D29D-43FF-94F0-9C3B48599E51}.Debug|Any CPU.ActiveCfg = Debug|Any CPU
		{9CC31453-D29D-43FF-94F0-9C3B48599E51}.Debug|Any CPU.Build.0 = Debug|Any CPU
		{9CC31453-D29D-43FF-94F0-9C3B48599E51}.Release|Any CPU.ActiveCfg = Release|Any CPU
		{9CC31453-D29D-43FF-94F0-9C3B48599E51}.Release|Any CPU.Build.0 = Release|Any CPU
	EndGlobalSection
	GlobalSection(SolutionProperties) = preSolution
		HideSolutionNode = FALSE
	EndGlobalSection
	GlobalSection(ExtensibilityGlobals) = postSolution
		SolutionGuid = {05901879-E97E-4EEB-B4B9-93ABC27FC53B}
	EndGlobalSection
EndGlobal
